// !$*UTF8*$!
{
	archiveVersion = 1;
	classes = {
	};
	objectVersion = 56;
	objects = {

/* Begin PBXBuildFile section */
		57A0A49829EDC5BA004FF401 /* FAOnboardingScreen.swift in Sources */ = {isa = PBXBuildFile; fileRef = 57A0A49729EDC5BA004FF401 /* FAOnboardingScreen.swift */; };
		57CA6D9629EC4F88009F8893 /* FructusApp.swift in Sources */ = {isa = PBXBuildFile; fileRef = 57CA6D9529EC4F88009F8893 /* FructusApp.swift */; };
		57CA6D9829EC4F88009F8893 /* FARootView.swift in Sources */ = {isa = PBXBuildFile; fileRef = 57CA6D9729EC4F88009F8893 /* FARootView.swift */; };
		57CA6D9A29EC4F8B009F8893 /* Assets.xcassets in Resources */ = {isa = PBXBuildFile; fileRef = 57CA6D9929EC4F8B009F8893 /* Assets.xcassets */; };
		57CA6D9D29EC4F8B009F8893 /* Preview Assets.xcassets in Resources */ = {isa = PBXBuildFile; fileRef = 57CA6D9C29EC4F8B009F8893 /* Preview Assets.xcassets */; };
		57CA6DAA29EC58E9009F8893 /* ElementsPluginAPI in Frameworks */ = {isa = PBXBuildFile; productRef = 57CA6DA929EC58E9009F8893 /* ElementsPluginAPI */; };
		57CA6DAD29EC5EB1009F8893 /* FruitCardView.swift in Sources */ = {isa = PBXBuildFile; fileRef = 57CA6DAC29EC5EB1009F8893 /* FruitCardView.swift */; };
/* End PBXBuildFile section */

/* Begin PBXFileReference section */
		57A0A49729EDC5BA004FF401 /* FAOnboardingScreen.swift */ = {isa = PBXFileReference; lastKnownFileType = sourcecode.swift; path = FAOnboardingScreen.swift; sourceTree = "<group>"; };
		57CA6D9229EC4F88009F8893 /* Fructus.app */ = {isa = PBXFileReference; explicitFileType = wrapper.application; includeInIndex = 0; path = Fructus.app; sourceTree = BUILT_PRODUCTS_DIR; };
		57CA6D9529EC4F88009F8893 /* FructusApp.swift */ = {isa = PBXFileReference; lastKnownFileType = sourcecode.swift; path = FructusApp.swift; sourceTree = "<group>"; };
		57CA6D9729EC4F88009F8893 /* FARootView.swift */ = {isa = PBXFileReference; lastKnownFileType = sourcecode.swift; path = FARootView.swift; sourceTree = "<group>"; };
		57CA6D9929EC4F8B009F8893 /* Assets.xcassets */ = {isa = PBXFileReference; lastKnownFileType = folder.assetcatalog; path = Assets.xcassets; sourceTree = "<group>"; };
		57CA6D9C29EC4F8B009F8893 /* Preview Assets.xcassets */ = {isa = PBXFileReference; lastKnownFileType = folder.assetcatalog; path = "Preview Assets.xcassets"; sourceTree = "<group>"; };
		57CA6DA729EC5879009F8893 /* ElementsPluginAPI */ = {isa = PBXFileReference; lastKnownFileType = wrapper; name = ElementsPluginAPI; path = ../../Plugins/ElementsPluginAPI; sourceTree = "<group>"; };
		57CA6DAC29EC5EB1009F8893 /* FruitCardView.swift */ = {isa = PBXFileReference; lastKnownFileType = sourcecode.swift; path = FruitCardView.swift; sourceTree = "<group>"; };
/* End PBXFileReference section */

/* Begin PBXFrameworksBuildPhase section */
		57CA6D8F29EC4F88009F8893 /* Frameworks */ = {
			isa = PBXFrameworksBuildPhase;
			buildActionMask = 2147483647;
			files = (
				57CA6DAA29EC58E9009F8893 /* ElementsPluginAPI in Frameworks */,
			);
			runOnlyForDeploymentPostprocessing = 0;
		};
/* End PBXFrameworksBuildPhase section */

/* Begin PBXGroup section */
		57A0A49629EDC4A1004FF401 /* Screens */ = {
			isa = PBXGroup;
			children = (
				57A0A49729EDC5BA004FF401 /* FAOnboardingScreen.swift */,
			);
			path = Screens;
			sourceTree = "<group>";
		};
		57CA6D8929EC4F88009F8893 = {
			isa = PBXGroup;
			children = (
				57CA6DA629EC5879009F8893 /* Packages */,
				57CA6D9429EC4F88009F8893 /* Fructus */,
				57CA6D9329EC4F88009F8893 /* Products */,
				57CA6DA829EC58E9009F8893 /* Frameworks */,
			);
			sourceTree = "<group>";
		};
		57CA6D9329EC4F88009F8893 /* Products */ = {
			isa = PBXGroup;
			children = (
				57CA6D9229EC4F88009F8893 /* Fructus.app */,
			);
			name = Products;
			sourceTree = "<group>";
		};
		57CA6D9429EC4F88009F8893 /* Fructus */ = {
			isa = PBXGroup;
			children = (
				57CA6DA429EC5847009F8893 /* Source */,
				57CA6D9529EC4F88009F8893 /* FructusApp.swift */,
				57CA6D9B29EC4F8B009F8893 /* Preview Content */,
			);
			path = Fructus;
			sourceTree = "<group>";
		};
		57CA6D9B29EC4F8B009F8893 /* Preview Content */ = {
			isa = PBXGroup;
			children = (
				57CA6D9C29EC4F8B009F8893 /* Preview Assets.xcassets */,
			);
			path = "Preview Content";
			sourceTree = "<group>";
		};
		57CA6DA429EC5847009F8893 /* Source */ = {
			isa = PBXGroup;
			children = (
				57A0A49629EDC4A1004FF401 /* Screens */,
				57CA6DAE29EC5EB7009F8893 /* Views */,
				57CA6DAB29EC5A86009F8893 /* AppAssets */,
				57CA6D9729EC4F88009F8893 /* FARootView.swift */,
			);
			path = Source;
			sourceTree = "<group>";
		};
		57CA6DA629EC5879009F8893 /* Packages */ = {
			isa = PBXGroup;
			children = (
				57CA6DA729EC5879009F8893 /* ElementsPluginAPI */,
			);
			name = Packages;
			sourceTree = "<group>";
		};
		57CA6DA829EC58E9009F8893 /* Frameworks */ = {
			isa = PBXGroup;
			children = (
			);
			name = Frameworks;
			sourceTree = "<group>";
		};
		57CA6DAB29EC5A86009F8893 /* AppAssets */ = {
			isa = PBXGroup;
			children = (
				57CA6D9929EC4F8B009F8893 /* Assets.xcassets */,
			);
			path = AppAssets;
			sourceTree = "<group>";
		};
		57CA6DAE29EC5EB7009F8893 /* Views */ = {
			isa = PBXGroup;
			children = (
				57CA6DAC29EC5EB1009F8893 /* FruitCardView.swift */,
			);
			path = Views;
			sourceTree = "<group>";
		};
/* End PBXGroup section */

/* Begin PBXNativeTarget section */
		57CA6D9129EC4F88009F8893 /* Fructus */ = {
			isa = PBXNativeTarget;
			buildConfigurationList = 57CA6DA029EC4F8B009F8893 /* Build configuration list for PBXNativeTarget "Fructus" */;
			buildPhases = (
				57CA6D8E29EC4F88009F8893 /* Sources */,
				57CA6D8F29EC4F88009F8893 /* Frameworks */,
				57CA6D9029EC4F88009F8893 /* Resources */,
			);
			buildRules = (
			);
			dependencies = (
			);
			name = Fructus;
			packageProductDependencies = (
				57CA6DA929EC58E9009F8893 /* ElementsPluginAPI */,
			);
			productName = Fructus;
			productReference = 57CA6D9229EC4F88009F8893 /* Fructus.app */;
			productType = "com.apple.product-type.application";
		};
/* End PBXNativeTarget section */

/* Begin PBXProject section */
		57CA6D8A29EC4F88009F8893 /* Project object */ = {
			isa = PBXProject;
			attributes = {
				BuildIndependentTargetsInParallel = 1;
				LastSwiftUpdateCheck = 1430;
				LastUpgradeCheck = 1430;
				TargetAttributes = {
					57CA6D9129EC4F88009F8893 = {
						CreatedOnToolsVersion = 14.3;
					};
				};
			};
			buildConfigurationList = 57CA6D8D29EC4F88009F8893 /* Build configuration list for PBXProject "Fructus" */;
			compatibilityVersion = "Xcode 14.0";
			developmentRegion = en;
			hasScannedForEncodings = 0;
			knownRegions = (
				en,
				Base,
			);
			mainGroup = 57CA6D8929EC4F88009F8893;
			productRefGroup = 57CA6D9329EC4F88009F8893 /* Products */;
			projectDirPath = "";
			projectRoot = "";
			targets = (
				57CA6D9129EC4F88009F8893 /* Fructus */,
			);
		};
/* End PBXProject section */

/* Begin PBXResourcesBuildPhase section */
		57CA6D9029EC4F88009F8893 /* Resources */ = {
			isa = PBXResourcesBuildPhase;
			buildActionMask = 2147483647;
			files = (
				57CA6D9D29EC4F8B009F8893 /* Preview Assets.xcassets in Resources */,
				57CA6D9A29EC4F8B009F8893 /* Assets.xcassets in Resources */,
			);
			runOnlyForDeploymentPostprocessing = 0;
		};
/* End PBXResourcesBuildPhase section */

/* Begin PBXSourcesBuildPhase section */
		57CA6D8E29EC4F88009F8893 /* Sources */ = {
			isa = PBXSourcesBuildPhase;
			buildActionMask = 2147483647;
			files = (
				57CA6DAD29EC5EB1009F8893 /* FruitCardView.swift in Sources */,
				57A0A49829EDC5BA004FF401 /* FAOnboardingScreen.swift in Sources */,
				57CA6D9829EC4F88009F8893 /* FARootView.swift in Sources */,
				57CA6D9629EC4F88009F8893 /* FructusApp.swift in Sources */,
			);
			runOnlyForDeploymentPostprocessing = 0;
		};
/* End PBXSourcesBuildPhase section */

/* Begin XCBuildConfiguration section */
		57CA6D9E29EC4F8B009F8893 /* Debug */ = {
			isa = XCBuildConfiguration;
			buildSettings = {
				ALWAYS_SEARCH_USER_PATHS = NO;
				CLANG_ANALYZER_NONNULL = YES;
				CLANG_ANALYZER_NUMBER_OBJECT_CONVERSION = YES_AGGRESSIVE;
				CLANG_CXX_LANGUAGE_STANDARD = "gnu++20";
				CLANG_ENABLE_MODULES = YES;
				CLANG_ENABLE_OBJC_ARC = YES;
				CLANG_ENABLE_OBJC_WEAK = YES;
				CLANG_WARN_BLOCK_CAPTURE_AUTORELEASING = YES;
				CLANG_WARN_BOOL_CONVERSION = YES;
				CLANG_WARN_COMMA = YES;
				CLANG_WARN_CONSTANT_CONVERSION = YES;
				CLANG_WARN_DEPRECATED_OBJC_IMPLEMENTATIONS = YES;
				CLANG_WARN_DIRECT_OBJC_ISA_USAGE = YES_ERROR;
				CLANG_WARN_DOCUMENTATION_COMMENTS = YES;
				CLANG_WARN_EMPTY_BODY = YES;
				CLANG_WARN_ENUM_CONVERSION = YES;
				CLANG_WARN_INFINITE_RECURSION = YES;
				CLANG_WARN_INT_CONVERSION = YES;
				CLANG_WARN_NON_LITERAL_NULL_CONVERSION = YES;
				CLANG_WARN_OBJC_IMPLICIT_RETAIN_SELF = YES;
				CLANG_WARN_OBJC_LITERAL_CONVERSION = YES;
				CLANG_WARN_OBJC_ROOT_CLASS = YES_ERROR;
				CLANG_WARN_QUOTED_INCLUDE_IN_FRAMEWORK_HEADER = YES;
				CLANG_WARN_RANGE_LOOP_ANALYSIS = YES;
				CLANG_WARN_STRICT_PROTOTYPES = YES;
				CLANG_WARN_SUSPICIOUS_MOVE = YES;
				CLANG_WARN_UNGUARDED_AVAILABILITY = YES_AGGRESSIVE;
				CLANG_WARN_UNREACHABLE_CODE = YES;
				CLANG_WARN__DUPLICATE_METHOD_MATCH = YES;
				COPY_PHASE_STRIP = NO;
				DEBUG_INFORMATION_FORMAT = dwarf;
				ENABLE_STRICT_OBJC_MSGSEND = YES;
				ENABLE_TESTABILITY = YES;
				GCC_C_LANGUAGE_STANDARD = gnu11;
				GCC_DYNAMIC_NO_PIC = NO;
				GCC_NO_COMMON_BLOCKS = YES;
				GCC_OPTIMIZATION_LEVEL = 0;
				GCC_PREPROCESSOR_DEFINITIONS = (
					"DEBUG=1",
					"$(inherited)",
				);
				GCC_WARN_64_TO_32_BIT_CONVERSION = YES;
				GCC_WARN_ABOUT_RETURN_TYPE = YES_ERROR;
				GCC_WARN_UNDECLARED_SELECTOR = YES;
				GCC_WARN_UNINITIALIZED_AUTOS = YES_AGGRESSIVE;
				GCC_WARN_UNUSED_FUNCTION = YES;
				GCC_WARN_UNUSED_VARIABLE = YES;
				IPHONEOS_DEPLOYMENT_TARGET = 16.4;
				MTL_ENABLE_DEBUG_INFO = INCLUDE_SOURCE;
				MTL_FAST_MATH = YES;
				ONLY_ACTIVE_ARCH = YES;
				SDKROOT = iphoneos;
				SWIFT_ACTIVE_COMPILATION_CONDITIONS = DEBUG;
				SWIFT_OPTIMIZATION_LEVEL = "-Onone";
			};
			name = Debug;
		};
		57CA6D9F29EC4F8B009F8893 /* Release */ = {
			isa = XCBuildConfiguration;
			buildSettings = {
				ALWAYS_SEARCH_USER_PATHS = NO;
				CLANG_ANALYZER_NONNULL = YES;
				CLANG_ANALYZER_NUMBER_OBJECT_CONVERSION = YES_AGGRESSIVE;
				CLANG_CXX_LANGUAGE_STANDARD = "gnu++20";
				CLANG_ENABLE_MODULES = YES;
				CLANG_ENABLE_OBJC_ARC = YES;
				CLANG_ENABLE_OBJC_WEAK = YES;
				CLANG_WARN_BLOCK_CAPTURE_AUTORELEASING = YES;
				CLANG_WARN_BOOL_CONVERSION = YES;
				CLANG_WARN_COMMA = YES;
				CLANG_WARN_CONSTANT_CONVERSION = YES;
				CLANG_WARN_DEPRECATED_OBJC_IMPLEMENTATIONS = YES;
				CLANG_WARN_DIRECT_OBJC_ISA_USAGE = YES_ERROR;
				CLANG_WARN_DOCUMENTATION_COMMENTS = YES;
				CLANG_WARN_EMPTY_BODY = YES;
				CLANG_WARN_ENUM_CONVERSION = YES;
				CLANG_WARN_INFINITE_RECURSION = YES;
				CLANG_WARN_INT_CONVERSION = YES;
				CLANG_WARN_NON_LITERAL_NULL_CONVERSION = YES;
				CLANG_WARN_OBJC_IMPLICIT_RETAIN_SELF = YES;
				CLANG_WARN_OBJC_LITERAL_CONVERSION = YES;
				CLANG_WARN_OBJC_ROOT_CLASS = YES_ERROR;
				CLANG_WARN_QUOTED_INCLUDE_IN_FRAMEWORK_HEADER = YES;
				CLANG_WARN_RANGE_LOOP_ANALYSIS = YES;
				CLANG_WARN_STRICT_PROTOTYPES = YES;
				CLANG_WARN_SUSPICIOUS_MOVE = YES;
				CLANG_WARN_UNGUARDED_AVAILABILITY = YES_AGGRESSIVE;
				CLANG_WARN_UNREACHABLE_CODE = YES;
				CLANG_WARN__DUPLICATE_METHOD_MATCH = YES;
				COPY_PHASE_STRIP = NO;
				DEBUG_INFORMATION_FORMAT = "dwarf-with-dsym";
				ENABLE_NS_ASSERTIONS = NO;
				ENABLE_STRICT_OBJC_MSGSEND = YES;
				GCC_C_LANGUAGE_STANDARD = gnu11;
				GCC_NO_COMMON_BLOCKS = YES;
				GCC_WARN_64_TO_32_BIT_CONVERSION = YES;
				GCC_WARN_ABOUT_RETURN_TYPE = YES_ERROR;
				GCC_WARN_UNDECLARED_SELECTOR = YES;
				GCC_WARN_UNINITIALIZED_AUTOS = YES_AGGRESSIVE;
				GCC_WARN_UNUSED_FUNCTION = YES;
				GCC_WARN_UNUSED_VARIABLE = YES;
				IPHONEOS_DEPLOYMENT_TARGET = 16.4;
				MTL_ENABLE_DEBUG_INFO = NO;
				MTL_FAST_MATH = YES;
				SDKROOT = iphoneos;
				SWIFT_COMPILATION_MODE = wholemodule;
				SWIFT_OPTIMIZATION_LEVEL = "-O";
				VALIDATE_PRODUCT = YES;
			};
			name = Release;
		};
		57CA6DA129EC4F8B009F8893 /* Debug */ = {
			isa = XCBuildConfiguration;
			buildSettings = {
				ASSETCATALOG_COMPILER_APPICON_NAME = AppIcon;
				ASSETCATALOG_COMPILER_GLOBAL_ACCENT_COLOR_NAME = AccentColor;
				CODE_SIGN_STYLE = Automatic;
				CURRENT_PROJECT_VERSION = 1;
				DEVELOPMENT_ASSET_PATHS = "\"Fructus/Preview Content\"";
				DEVELOPMENT_TEAM = 87TJZ5Q7TH;
				ENABLE_PREVIEWS = YES;
				GENERATE_INFOPLIST_FILE = YES;
				INFOPLIST_KEY_UIApplicationSceneManifest_Generation = YES;
				INFOPLIST_KEY_UIApplicationSupportsIndirectInputEvents = YES;
				INFOPLIST_KEY_UILaunchScreen_Generation = YES;
				INFOPLIST_KEY_UIStatusBarStyle = UIStatusBarStyleDarkContent;
				INFOPLIST_KEY_UISupportedInterfaceOrientations = UIInterfaceOrientationPortrait;
				LD_RUNPATH_SEARCH_PATHS = (
					"$(inherited)",
					"@executable_path/Frameworks",
				);
				MARKETING_VERSION = 1.0;
				PRODUCT_BUNDLE_IDENTIFIER = com.learningpath.Fructus;
				PRODUCT_NAME = "$(TARGET_NAME)";
				SWIFT_EMIT_LOC_STRINGS = YES;
				SWIFT_VERSION = 5.0;
				TARGETED_DEVICE_FAMILY = "1,2";
			};
			name = Debug;
		};
		57CA6DA229EC4F8B009F8893 /* Release */ = {
			isa = XCBuildConfiguration;
			buildSettings = {
				ASSETCATALOG_COMPILER_APPICON_NAME = AppIcon;
				ASSETCATALOG_COMPILER_GLOBAL_ACCENT_COLOR_NAME = AccentColor;
				CODE_SIGN_STYLE = Automatic;
				CURRENT_PROJECT_VERSION = 1;
				DEVELOPMENT_ASSET_PATHS = "\"Fructus/Preview Content\"";
				DEVELOPMENT_TEAM = 87TJZ5Q7TH;
				ENABLE_PREVIEWS = YES;
				GENERATE_INFOPLIST_FILE = YES;
				INFOPLIST_KEY_UIApplicationSceneManifest_Generation = YES;
				INFOPLIST_KEY_UIApplicationSupportsIndirectInputEvents = YES;
				INFOPLIST_KEY_UILaunchScreen_Generation = YES;
				INFOPLIST_KEY_UIStatusBarStyle = UIStatusBarStyleDarkContent;
				INFOPLIST_KEY_UISupportedInterfaceOrientations = UIInterfaceOrientationPortrait;
				LD_RUNPATH_SEARCH_PATHS = (
					"$(inherited)",
					"@executable_path/Frameworks",
				);
				MARKETING_VERSION = 1.0;
				PRODUCT_BUNDLE_IDENTIFIER = com.learningpath.Fructus;
				PRODUCT_NAME = "$(TARGET_NAME)";
				SWIFT_EMIT_LOC_STRINGS = YES;
				SWIFT_VERSION = 5.0;
				TARGETED_DEVICE_FAMILY = "1,2";
			};
			name = Release;
		};
/* End XCBuildConfiguration section */

/* Begin XCConfigurationList section */
		57CA6D8D29EC4F88009F8893 /* Build configuration list for PBXProject "Fructus" */ = {
			isa = XCConfigurationList;
			buildConfigurations = (
				57CA6D9E29EC4F8B009F8893 /* Debug */,
				57CA6D9F29EC4F8B009F8893 /* Release */,
			);
			defaultConfigurationIsVisible = 0;
			defaultConfigurationName = Release;
		};
		57CA6DA029EC4F8B009F8893 /* Build configuration list for PBXNativeTarget "Fructus" */ = {
			isa = XCConfigurationList;
			buildConfigurations = (
				57CA6DA129EC4F8B009F8893 /* Debug */,
				57CA6DA229EC4F8B009F8893 /* Release */,
			);
			defaultConfigurationIsVisible = 0;
			defaultConfigurationName = Release;
		};
/* End XCConfigurationList section */

/* Begin XCSwiftPackageProductDependency section */
		57CA6DA929EC58E9009F8893 /* ElementsPluginAPI */ = {
			isa = XCSwiftPackageProductDependency;
			productName = ElementsPluginAPI;
		};
/* End XCSwiftPackageProductDependency section */
	};
	rootObject = 57CA6D8A29EC4F88009F8893 /* Project object */;
}
